
Microsoft Visual Studio Solution File, Format Version 12.00
# Visual Studio Version 17
VisualStudioVersion = 17.11.35312.102
MinimumVisualStudioVersion = 10.0.40219.1
Project("{FAE04EC0-301F-11D3-BF4B-00C04F79EFBC}") = "ExamResultsLibrary", "ExamResultsLibrary.csproj", "{393ED204-8586-4F76-983C-D1C8BAF0FDD4}"
EndProject
Global
	GlobalSection(SolutionConfigurationPlatforms) = preSolution
		Debug|Any CPU = Debug|Any CPU
		Release|Any CPU = Release|Any CPU
	EndGlobalSection
	GlobalSection(ProjectConfigurationPlatforms) = postSolution
		{393ED204-8586-4F76-983C-D1C8BAF0FDD4}.Debug|Any CPU.ActiveCfg = Debug|Any CPU
		{393ED204-8586-4F76-983C-D1C8BAF0FDD4}.Debug|Any CPU.Build.0 = Debug|Any CPU
		{393ED204-8586-4F76-983C-D1C8BAF0FDD4}.Release|Any CPU.ActiveCfg = Release|Any CPU
		{393ED204-8586-4F76-983C-D1C8BAF0FDD4}.Release|Any CPU.Build.0 = Release|Any CPU
	EndGlobalSection
	GlobalSection(SolutionProperties) = preSolution
		HideSolutionNode = FALSE
	EndGlobalSection
	GlobalSection(ExtensibilityGlobals) = postSolution
		SolutionGuid = {A10EFA28-A9B9-4210-B4C6-0CBE1A51D680}
	EndGlobalSection
EndGlobal
