
Microsoft Visual Studio Solution File, Format Version 12.00
# Visual Studio Version 17
VisualStudioVersion = 17.11.35312.102
MinimumVisualStudioVersion = 10.0.40219.1
Project("{FAE04EC0-301F-11D3-BF4B-00C04F79EFBC}") = "TravelLibrary", "TravelLibrary\TravelLibrary.csproj", "{4938AF66-BD52-4F44-A568-D523B1A45102}"
EndProject
Project("{FAE04EC0-301F-11D3-BF4B-00C04F79EFBC}") = "TravelLibrary.Tests", "TravelLibrary.Tests\TravelLibrary.Tests.csproj", "{56C22337-1637-4B45-B5BB-E426908F6803}"
EndProject
Project("{FAE04EC0-301F-11D3-BF4B-00C04F79EFBC}") = "TravelApp", "TravelApp\TravelApp.csproj", "{0D9178C0-CF84-4DAD-A889-B063201488D1}"
EndProject
Global
	GlobalSection(SolutionConfigurationPlatforms) = preSolution
		Debug|Any CPU = Debug|Any CPU
		Release|Any CPU = Release|Any CPU
	EndGlobalSection
	GlobalSection(ProjectConfigurationPlatforms) = postSolution
		{4938AF66-BD52-4F44-A568-D523B1A45102}.Debug|Any CPU.ActiveCfg = Debug|Any CPU
		{4938AF66-BD52-4F44-A568-D523B1A45102}.Debug|Any CPU.Build.0 = Debug|Any CPU
		{4938AF66-BD52-4F44-A568-D523B1A45102}.Release|Any CPU.ActiveCfg = Release|Any CPU
		{4938AF66-BD52-4F44-A568-D523B1A45102}.Release|Any CPU.Build.0 = Release|Any CPU
		{56C22337-1637-4B45-B5BB-E426908F6803}.Debug|Any CPU.ActiveCfg = Debug|Any CPU
		{56C22337-1637-4B45-B5BB-E426908F6803}.Debug|Any CPU.Build.0 = Debug|Any CPU
		{56C22337-1637-4B45-B5BB-E426908F6803}.Release|Any CPU.ActiveCfg = Release|Any CPU
		{56C22337-1637-4B45-B5BB-E426908F6803}.Release|Any CPU.Build.0 = Release|Any CPU
		{0D9178C0-CF84-4DAD-A889-B063201488D1}.Debug|Any CPU.ActiveCfg = Debug|Any CPU
		{0D9178C0-CF84-4DAD-A889-B063201488D1}.Debug|Any CPU.Build.0 = Debug|Any CPU
		{0D9178C0-CF84-4DAD-A889-B063201488D1}.Release|Any CPU.ActiveCfg = Release|Any CPU
		{0D9178C0-CF84-4DAD-A889-B063201488D1}.Release|Any CPU.Build.0 = Release|Any CPU
	EndGlobalSection
	GlobalSection(SolutionProperties) = preSolution
		HideSolutionNode = FALSE
	EndGlobalSection
	GlobalSection(ExtensibilityGlobals) = postSolution
		SolutionGuid = {8B13EE54-13F5-4AC5-AE48-0802F260E536}
	EndGlobalSection
EndGlobal
